// !$*UTF8*$!
{
	archiveVersion = 1;
	classes = {
	};
	objectVersion = 50;
	objects = {

/* Begin PBXBuildFile section */
		172119F8240CBF2300710AFE /* TriathlonOrg.swift in Sources */ = {isa = PBXBuildFile; fileRef = 172119F7240CBF2300710AFE /* TriathlonOrg.swift */; };
		172119FB240CC1F800710AFE /* RankingTableViewCell.swift in Sources */ = {isa = PBXBuildFile; fileRef = 172119F9240CC1F800710AFE /* RankingTableViewCell.swift */; };
		172119FC240CC1F800710AFE /* RankingTableViewCell.xib in Resources */ = {isa = PBXBuildFile; fileRef = 172119FA240CC1F800710AFE /* RankingTableViewCell.xib */; };
		173744CD240B468400EB3827 /* RankingsViewController.swift in Sources */ = {isa = PBXBuildFile; fileRef = 173744CB240B468400EB3827 /* RankingsViewController.swift */; };
		173744CE240B468400EB3827 /* RankingsViewController.xib in Resources */ = {isa = PBXBuildFile; fileRef = 173744CC240B468400EB3827 /* RankingsViewController.xib */; };
		1738807D241EFB1D00D05E8B /* AthleteBioViewController.swift in Sources */ = {isa = PBXBuildFile; fileRef = 1738807B241EFB1D00D05E8B /* AthleteBioViewController.swift */; };
		17388082241EFB8400D05E8B /* AthleteBioViewController.xib in Resources */ = {isa = PBXBuildFile; fileRef = 17388081241EFB8400D05E8B /* AthleteBioViewController.xib */; };
		174E2219240A2972008463B1 /* AppDelegate.swift in Sources */ = {isa = PBXBuildFile; fileRef = 174E2218240A2972008463B1 /* AppDelegate.swift */; };
		174E221B240A2972008463B1 /* SceneDelegate.swift in Sources */ = {isa = PBXBuildFile; fileRef = 174E221A240A2972008463B1 /* SceneDelegate.swift */; };
		174E2222240A2973008463B1 /* Assets.xcassets in Resources */ = {isa = PBXBuildFile; fileRef = 174E2221240A2973008463B1 /* Assets.xcassets */; };
		174E2225240A2973008463B1 /* LaunchScreen.storyboard in Resources */ = {isa = PBXBuildFile; fileRef = 174E2223240A2973008463B1 /* LaunchScreen.storyboard */; };
		174E2230240A2973008463B1 /* TriCuriousTests.swift in Sources */ = {isa = PBXBuildFile; fileRef = 174E222F240A2973008463B1 /* TriCuriousTests.swift */; };
		174E2241240A3668008463B1 /* DefaultAthleteRankingsInteractorTests.swift in Sources */ = {isa = PBXBuildFile; fileRef = 174E2240240A3668008463B1 /* DefaultAthleteRankingsInteractorTests.swift */; };
		174E2243240A3C41008463B1 /* TestUtilities.swift in Sources */ = {isa = PBXBuildFile; fileRef = 174E2242240A3C41008463B1 /* TestUtilities.swift */; };
		174E2245240AE774008463B1 /* AthleteRankingsTestUtilities.swift in Sources */ = {isa = PBXBuildFile; fileRef = 174E2244240AE774008463B1 /* AthleteRankingsTestUtilities.swift */; };
		174E2247240AE9A7008463B1 /* RankingListing.swift in Sources */ = {isa = PBXBuildFile; fileRef = 174E2246240AE9A7008463B1 /* RankingListing.swift */; };
		179FAEB024232F0A0056ECAC /* RankingListingsViewModel.swift in Sources */ = {isa = PBXBuildFile; fileRef = 179FAEAF24232F0A0056ECAC /* RankingListingsViewModel.swift */; };
		179FAEB7242441F80056ECAC /* AppCoordinator.swift in Sources */ = {isa = PBXBuildFile; fileRef = 179FAEB6242441F80056ECAC /* AppCoordinator.swift */; };
		179FAEBA242442BC0056ECAC /* NewsViewController.swift in Sources */ = {isa = PBXBuildFile; fileRef = 179FAEB8242442BC0056ECAC /* NewsViewController.swift */; };
		179FAEBB242442BC0056ECAC /* NewsViewController.xib in Resources */ = {isa = PBXBuildFile; fileRef = 179FAEB9242442BC0056ECAC /* NewsViewController.xib */; };
		179FAEBE242442E10056ECAC /* WatchViewController.swift in Sources */ = {isa = PBXBuildFile; fileRef = 179FAEBC242442E10056ECAC /* WatchViewController.swift */; };
		179FAEBF242442E10056ECAC /* WatchViewController.xib in Resources */ = {isa = PBXBuildFile; fileRef = 179FAEBD242442E10056ECAC /* WatchViewController.xib */; };
		179FAEC2242442EC0056ECAC /* EventsViewController.swift in Sources */ = {isa = PBXBuildFile; fileRef = 179FAEC0242442EC0056ECAC /* EventsViewController.swift */; };
		179FAEC3242442EC0056ECAC /* EventsViewController.xib in Resources */ = {isa = PBXBuildFile; fileRef = 179FAEC1242442EC0056ECAC /* EventsViewController.xib */; };
		179FAEC52424436E0056ECAC /* RankingsCoordinator.swift in Sources */ = {isa = PBXBuildFile; fileRef = 179FAEC42424436E0056ECAC /* RankingsCoordinator.swift */; };
		179FAEC824244B8A0056ECAC /* Ranking.swift in Sources */ = {isa = PBXBuildFile; fileRef = 179FAEC724244B8A0056ECAC /* Ranking.swift */; };
		179FAECA24244B9B0056ECAC /* Athlete.swift in Sources */ = {isa = PBXBuildFile; fileRef = 179FAEC924244B9B0056ECAC /* Athlete.swift */; };
		179FAECD242453B10056ECAC /* RankingListingViewModel.swift in Sources */ = {isa = PBXBuildFile; fileRef = 179FAECC242453B10056ECAC /* RankingListingViewModel.swift */; };
		179FAECF242454070056ECAC /* RankingViewModel.swift in Sources */ = {isa = PBXBuildFile; fileRef = 179FAECE242454070056ECAC /* RankingViewModel.swift */; };
		179FAED12424542A0056ECAC /* AthleteViewModel.swift in Sources */ = {isa = PBXBuildFile; fileRef = 179FAED02424542A0056ECAC /* AthleteViewModel.swift */; };
		17C41CA1240B605C00050656 /* AthleteRankingsPresenterTests.swift in Sources */ = {isa = PBXBuildFile; fileRef = 17C41CA0240B605C00050656 /* AthleteRankingsPresenterTests.swift */; };
/* End PBXBuildFile section */

/* Begin PBXContainerItemProxy section */
		174E222C240A2973008463B1 /* PBXContainerItemProxy */ = {
			isa = PBXContainerItemProxy;
			containerPortal = 174E220D240A2972008463B1 /* Project object */;
			proxyType = 1;
			remoteGlobalIDString = 174E2214240A2972008463B1;
			remoteInfo = TriCurious;
		};
/* End PBXContainerItemProxy section */

/* Begin PBXFileReference section */
		172119F7240CBF2300710AFE /* TriathlonOrg.swift */ = {isa = PBXFileReference; lastKnownFileType = sourcecode.swift; path = TriathlonOrg.swift; sourceTree = "<group>"; };
		172119F9240CC1F800710AFE /* RankingTableViewCell.swift */ = {isa = PBXFileReference; lastKnownFileType = sourcecode.swift; path = RankingTableViewCell.swift; sourceTree = "<group>"; };
		172119FA240CC1F800710AFE /* RankingTableViewCell.xib */ = {isa = PBXFileReference; lastKnownFileType = file.xib; path = RankingTableViewCell.xib; sourceTree = "<group>"; };
		173744CB240B468400EB3827 /* RankingsViewController.swift */ = {isa = PBXFileReference; lastKnownFileType = sourcecode.swift; path = RankingsViewController.swift; sourceTree = "<group>"; };
		173744CC240B468400EB3827 /* RankingsViewController.xib */ = {isa = PBXFileReference; lastKnownFileType = file.xib; path = RankingsViewController.xib; sourceTree = "<group>"; };
		1738807B241EFB1D00D05E8B /* AthleteBioViewController.swift */ = {isa = PBXFileReference; lastKnownFileType = sourcecode.swift; path = AthleteBioViewController.swift; sourceTree = "<group>"; };
		17388081241EFB8400D05E8B /* AthleteBioViewController.xib */ = {isa = PBXFileReference; lastKnownFileType = file.xib; path = AthleteBioViewController.xib; sourceTree = "<group>"; };
		174E2215240A2972008463B1 /* TriCurious.app */ = {isa = PBXFileReference; explicitFileType = wrapper.application; includeInIndex = 0; path = TriCurious.app; sourceTree = BUILT_PRODUCTS_DIR; };
		174E2218240A2972008463B1 /* AppDelegate.swift */ = {isa = PBXFileReference; lastKnownFileType = sourcecode.swift; path = AppDelegate.swift; sourceTree = "<group>"; };
		174E221A240A2972008463B1 /* SceneDelegate.swift */ = {isa = PBXFileReference; lastKnownFileType = sourcecode.swift; path = SceneDelegate.swift; sourceTree = "<group>"; };
		174E2221240A2973008463B1 /* Assets.xcassets */ = {isa = PBXFileReference; lastKnownFileType = folder.assetcatalog; path = Assets.xcassets; sourceTree = "<group>"; };
		174E2224240A2973008463B1 /* Base */ = {isa = PBXFileReference; lastKnownFileType = file.storyboard; name = Base; path = Base.lproj/LaunchScreen.storyboard; sourceTree = "<group>"; };
		174E2226240A2973008463B1 /* Info.plist */ = {isa = PBXFileReference; lastKnownFileType = text.plist.xml; path = Info.plist; sourceTree = "<group>"; };
		174E222B240A2973008463B1 /* TriCuriousTests.xctest */ = {isa = PBXFileReference; explicitFileType = wrapper.cfbundle; includeInIndex = 0; path = TriCuriousTests.xctest; sourceTree = BUILT_PRODUCTS_DIR; };
		174E222F240A2973008463B1 /* TriCuriousTests.swift */ = {isa = PBXFileReference; lastKnownFileType = sourcecode.swift; path = TriCuriousTests.swift; sourceTree = "<group>"; };
		174E2231240A2973008463B1 /* Info.plist */ = {isa = PBXFileReference; lastKnownFileType = text.plist.xml; path = Info.plist; sourceTree = "<group>"; };
		174E2240240A3668008463B1 /* DefaultAthleteRankingsInteractorTests.swift */ = {isa = PBXFileReference; lastKnownFileType = sourcecode.swift; path = DefaultAthleteRankingsInteractorTests.swift; sourceTree = "<group>"; };
		174E2242240A3C41008463B1 /* TestUtilities.swift */ = {isa = PBXFileReference; lastKnownFileType = sourcecode.swift; path = TestUtilities.swift; sourceTree = "<group>"; };
		174E2244240AE774008463B1 /* AthleteRankingsTestUtilities.swift */ = {isa = PBXFileReference; lastKnownFileType = sourcecode.swift; path = AthleteRankingsTestUtilities.swift; sourceTree = "<group>"; };
		174E2246240AE9A7008463B1 /* RankingListing.swift */ = {isa = PBXFileReference; lastKnownFileType = sourcecode.swift; path = RankingListing.swift; sourceTree = "<group>"; };
		179FAEAF24232F0A0056ECAC /* RankingListingsViewModel.swift */ = {isa = PBXFileReference; lastKnownFileType = sourcecode.swift; path = RankingListingsViewModel.swift; sourceTree = "<group>"; };
		179FAEB6242441F80056ECAC /* AppCoordinator.swift */ = {isa = PBXFileReference; lastKnownFileType = sourcecode.swift; path = AppCoordinator.swift; sourceTree = "<group>"; };
		179FAEB8242442BC0056ECAC /* NewsViewController.swift */ = {isa = PBXFileReference; lastKnownFileType = sourcecode.swift; path = NewsViewController.swift; sourceTree = "<group>"; };
		179FAEB9242442BC0056ECAC /* NewsViewController.xib */ = {isa = PBXFileReference; lastKnownFileType = file.xib; path = NewsViewController.xib; sourceTree = "<group>"; };
		179FAEBC242442E10056ECAC /* WatchViewController.swift */ = {isa = PBXFileReference; lastKnownFileType = sourcecode.swift; path = WatchViewController.swift; sourceTree = "<group>"; };
		179FAEBD242442E10056ECAC /* WatchViewController.xib */ = {isa = PBXFileReference; lastKnownFileType = file.xib; path = WatchViewController.xib; sourceTree = "<group>"; };
		179FAEC0242442EC0056ECAC /* EventsViewController.swift */ = {isa = PBXFileReference; lastKnownFileType = sourcecode.swift; path = EventsViewController.swift; sourceTree = "<group>"; };
		179FAEC1242442EC0056ECAC /* EventsViewController.xib */ = {isa = PBXFileReference; lastKnownFileType = file.xib; path = EventsViewController.xib; sourceTree = "<group>"; };
		179FAEC42424436E0056ECAC /* RankingsCoordinator.swift */ = {isa = PBXFileReference; lastKnownFileType = sourcecode.swift; path = RankingsCoordinator.swift; sourceTree = "<group>"; };
		179FAEC724244B8A0056ECAC /* Ranking.swift */ = {isa = PBXFileReference; lastKnownFileType = sourcecode.swift; path = Ranking.swift; sourceTree = "<group>"; };
		179FAEC924244B9B0056ECAC /* Athlete.swift */ = {isa = PBXFileReference; lastKnownFileType = sourcecode.swift; path = Athlete.swift; sourceTree = "<group>"; };
		179FAECC242453B10056ECAC /* RankingListingViewModel.swift */ = {isa = PBXFileReference; lastKnownFileType = sourcecode.swift; path = RankingListingViewModel.swift; sourceTree = "<group>"; };
		179FAECE242454070056ECAC /* RankingViewModel.swift */ = {isa = PBXFileReference; lastKnownFileType = sourcecode.swift; path = RankingViewModel.swift; sourceTree = "<group>"; };
		179FAED02424542A0056ECAC /* AthleteViewModel.swift */ = {isa = PBXFileReference; lastKnownFileType = sourcecode.swift; path = AthleteViewModel.swift; sourceTree = "<group>"; };
		17C41CA0240B605C00050656 /* AthleteRankingsPresenterTests.swift */ = {isa = PBXFileReference; lastKnownFileType = sourcecode.swift; path = AthleteRankingsPresenterTests.swift; sourceTree = "<group>"; };
/* End PBXFileReference section */

/* Begin PBXFrameworksBuildPhase section */
		174E2212240A2972008463B1 /* Frameworks */ = {
			isa = PBXFrameworksBuildPhase;
			buildActionMask = 2147483647;
			files = (
			);
			runOnlyForDeploymentPostprocessing = 0;
		};
		174E2228240A2973008463B1 /* Frameworks */ = {
			isa = PBXFrameworksBuildPhase;
			buildActionMask = 2147483647;
			files = (
			);
			runOnlyForDeploymentPostprocessing = 0;
		};
/* End PBXFrameworksBuildPhase section */

/* Begin PBXGroup section */
		172119F6240CBF0B00710AFE /* Network */ = {
			isa = PBXGroup;
			children = (
				172119F7240CBF2300710AFE /* TriathlonOrg.swift */,
			);
			path = Network;
			sourceTree = "<group>";
		};
		1738807A241D54E900D05E8B /* Athlete Bio View */ = {
			isa = PBXGroup;
			children = (
				1738807B241EFB1D00D05E8B /* AthleteBioViewController.swift */,
				17388081241EFB8400D05E8B /* AthleteBioViewController.xib */,
			);
			path = "Athlete Bio View";
			sourceTree = "<group>";
		};
		174E220C240A2972008463B1 = {
			isa = PBXGroup;
			children = (
				174E2217240A2972008463B1 /* TriCurious */,
				174E222E240A2973008463B1 /* TriCuriousTests */,
				174E2216240A2972008463B1 /* Products */,
			);
			sourceTree = "<group>";
		};
		174E2216240A2972008463B1 /* Products */ = {
			isa = PBXGroup;
			children = (
				174E2215240A2972008463B1 /* TriCurious.app */,
				174E222B240A2973008463B1 /* TriCuriousTests.xctest */,
			);
			name = Products;
			sourceTree = "<group>";
		};
		174E2217240A2972008463B1 /* TriCurious */ = {
			isa = PBXGroup;
			children = (
				174E2218240A2972008463B1 /* AppDelegate.swift */,
				174E221A240A2972008463B1 /* SceneDelegate.swift */,
				174E2221240A2973008463B1 /* Assets.xcassets */,
				174E2223240A2973008463B1 /* LaunchScreen.storyboard */,
				174E2226240A2973008463B1 /* Info.plist */,
				179FAEB6242441F80056ECAC /* AppCoordinator.swift */,
				172119F6240CBF0B00710AFE /* Network */,
				179FAEB3242441110056ECAC /* News */,
				179FAEB5242441810056ECAC /* Watch */,
				179FAEB4242441330056ECAC /* Events */,
				174E223A240A298A008463B1 /* Rankings */,
			);
			path = TriCurious;
			sourceTree = "<group>";
		};
		174E222E240A2973008463B1 /* TriCuriousTests */ = {
			isa = PBXGroup;
			children = (
				174E2242240A3C41008463B1 /* TestUtilities.swift */,
				174E223D240A362C008463B1 /* Athlete Rankings */,
				174E222F240A2973008463B1 /* TriCuriousTests.swift */,
				174E2231240A2973008463B1 /* Info.plist */,
			);
			path = TriCuriousTests;
			sourceTree = "<group>";
		};
		174E223A240A298A008463B1 /* Rankings */ = {
			isa = PBXGroup;
			children = (
				179FAEC42424436E0056ECAC /* RankingsCoordinator.swift */,
				179FAEC624244B660056ECAC /* Model */,
				179FAECB242453960056ECAC /* View Model */,
				17C41CA2240C3C6A00050656 /* Rankings View */,
				1738807A241D54E900D05E8B /* Athlete Bio View */,
			);
			path = Rankings;
			sourceTree = "<group>";
		};
		174E223D240A362C008463B1 /* Athlete Rankings */ = {
			isa = PBXGroup;
			children = (
				174E2244240AE774008463B1 /* AthleteRankingsTestUtilities.swift */,
				174E2240240A3668008463B1 /* DefaultAthleteRankingsInteractorTests.swift */,
				17C41CA0240B605C00050656 /* AthleteRankingsPresenterTests.swift */,
			);
			path = "Athlete Rankings";
			sourceTree = "<group>";
		};
		179FAEB3242441110056ECAC /* News */ = {
			isa = PBXGroup;
			children = (
				179FAEB8242442BC0056ECAC /* NewsViewController.swift */,
				179FAEB9242442BC0056ECAC /* NewsViewController.xib */,
			);
			path = News;
			sourceTree = "<group>";
		};
		179FAEB4242441330056ECAC /* Events */ = {
			isa = PBXGroup;
			children = (
				179FAEC0242442EC0056ECAC /* EventsViewController.swift */,
				179FAEC1242442EC0056ECAC /* EventsViewController.xib */,
			);
			path = Events;
			sourceTree = "<group>";
		};
		179FAEB5242441810056ECAC /* Watch */ = {
			isa = PBXGroup;
			children = (
				179FAEBC242442E10056ECAC /* WatchViewController.swift */,
				179FAEBD242442E10056ECAC /* WatchViewController.xib */,
			);
			path = Watch;
			sourceTree = "<group>";
		};
		179FAEC624244B660056ECAC /* Model */ = {
			isa = PBXGroup;
			children = (
				174E2246240AE9A7008463B1 /* RankingListing.swift */,
				179FAEC724244B8A0056ECAC /* Ranking.swift */,
				179FAEC924244B9B0056ECAC /* Athlete.swift */,
			);
			path = Model;
			sourceTree = "<group>";
		};
		179FAECB242453960056ECAC /* View Model */ = {
			isa = PBXGroup;
			children = (
				179FAEAF24232F0A0056ECAC /* RankingListingsViewModel.swift */,
				179FAECC242453B10056ECAC /* RankingListingViewModel.swift */,
				179FAECE242454070056ECAC /* RankingViewModel.swift */,
				179FAED02424542A0056ECAC /* AthleteViewModel.swift */,
			);
			path = "View Model";
			sourceTree = "<group>";
		};
		17C41CA2240C3C6A00050656 /* Rankings View */ = {
			isa = PBXGroup;
			children = (
				173744CB240B468400EB3827 /* RankingsViewController.swift */,
				173744CC240B468400EB3827 /* RankingsViewController.xib */,
				172119F9240CC1F800710AFE /* RankingTableViewCell.swift */,
				172119FA240CC1F800710AFE /* RankingTableViewCell.xib */,
			);
			path = "Rankings View";
			sourceTree = "<group>";
		};
/* End PBXGroup section */

/* Begin PBXNativeTarget section */
		174E2214240A2972008463B1 /* TriCurious */ = {
			isa = PBXNativeTarget;
			buildConfigurationList = 174E2234240A2973008463B1 /* Build configuration list for PBXNativeTarget "TriCurious" */;
			buildPhases = (
				174E2211240A2972008463B1 /* Sources */,
				174E2212240A2972008463B1 /* Frameworks */,
				174E2213240A2972008463B1 /* Resources */,
			);
			buildRules = (
			);
			dependencies = (
			);
			name = TriCurious;
			productName = TriCurious;
			productReference = 174E2215240A2972008463B1 /* TriCurious.app */;
			productType = "com.apple.product-type.application";
		};
		174E222A240A2973008463B1 /* TriCuriousTests */ = {
			isa = PBXNativeTarget;
			buildConfigurationList = 174E2237240A2973008463B1 /* Build configuration list for PBXNativeTarget "TriCuriousTests" */;
			buildPhases = (
				174E2227240A2973008463B1 /* Sources */,
				174E2228240A2973008463B1 /* Frameworks */,
				174E2229240A2973008463B1 /* Resources */,
			);
			buildRules = (
			);
			dependencies = (
				174E222D240A2973008463B1 /* PBXTargetDependency */,
			);
			name = TriCuriousTests;
			productName = TriCuriousTests;
			productReference = 174E222B240A2973008463B1 /* TriCuriousTests.xctest */;
			productType = "com.apple.product-type.bundle.unit-test";
		};
/* End PBXNativeTarget section */

/* Begin PBXProject section */
		174E220D240A2972008463B1 /* Project object */ = {
			isa = PBXProject;
			attributes = {
				LastSwiftUpdateCheck = 1130;
				LastUpgradeCheck = 1130;
				ORGANIZATIONNAME = "Duff Neubauer";
				TargetAttributes = {
					174E2214240A2972008463B1 = {
						CreatedOnToolsVersion = 11.3.1;
					};
					174E222A240A2973008463B1 = {
						CreatedOnToolsVersion = 11.3.1;
						TestTargetID = 174E2214240A2972008463B1;
					};
				};
			};
			buildConfigurationList = 174E2210240A2972008463B1 /* Build configuration list for PBXProject "TriCurious" */;
			compatibilityVersion = "Xcode 9.3";
			developmentRegion = en;
			hasScannedForEncodings = 0;
			knownRegions = (
				en,
				Base,
			);
			mainGroup = 174E220C240A2972008463B1;
			productRefGroup = 174E2216240A2972008463B1 /* Products */;
			projectDirPath = "";
			projectRoot = "";
			targets = (
				174E2214240A2972008463B1 /* TriCurious */,
				174E222A240A2973008463B1 /* TriCuriousTests */,
			);
		};
/* End PBXProject section */

/* Begin PBXResourcesBuildPhase section */
		174E2213240A2972008463B1 /* Resources */ = {
			isa = PBXResourcesBuildPhase;
			buildActionMask = 2147483647;
			files = (
				17388082241EFB8400D05E8B /* AthleteBioViewController.xib in Resources */,
				174E2225240A2973008463B1 /* LaunchScreen.storyboard in Resources */,
				179FAEBF242442E10056ECAC /* WatchViewController.xib in Resources */,
				174E2222240A2973008463B1 /* Assets.xcassets in Resources */,
				173744CE240B468400EB3827 /* RankingsViewController.xib in Resources */,
				179FAEC3242442EC0056ECAC /* EventsViewController.xib in Resources */,
				172119FC240CC1F800710AFE /* RankingTableViewCell.xib in Resources */,
				179FAEBB242442BC0056ECAC /* NewsViewController.xib in Resources */,
			);
			runOnlyForDeploymentPostprocessing = 0;
		};
		174E2229240A2973008463B1 /* Resources */ = {
			isa = PBXResourcesBuildPhase;
			buildActionMask = 2147483647;
			files = (
			);
			runOnlyForDeploymentPostprocessing = 0;
		};
/* End PBXResourcesBuildPhase section */

/* Begin PBXSourcesBuildPhase section */
		174E2211240A2972008463B1 /* Sources */ = {
			isa = PBXSourcesBuildPhase;
			buildActionMask = 2147483647;
			files = (
				179FAEB024232F0A0056ECAC /* RankingListingsViewModel.swift in Sources */,
				179FAEBE242442E10056ECAC /* WatchViewController.swift in Sources */,
				179FAEB7242441F80056ECAC /* AppCoordinator.swift in Sources */,
				173744CD240B468400EB3827 /* RankingsViewController.swift in Sources */,
				179FAECF242454070056ECAC /* RankingViewModel.swift in Sources */,
				174E2247240AE9A7008463B1 /* RankingListing.swift in Sources */,
				1738807D241EFB1D00D05E8B /* AthleteBioViewController.swift in Sources */,
				179FAEC2242442EC0056ECAC /* EventsViewController.swift in Sources */,
				174E2219240A2972008463B1 /* AppDelegate.swift in Sources */,
				179FAECD242453B10056ECAC /* RankingListingViewModel.swift in Sources */,
				179FAED12424542A0056ECAC /* AthleteViewModel.swift in Sources */,
				172119F8240CBF2300710AFE /* TriathlonOrg.swift in Sources */,
				179FAEBA242442BC0056ECAC /* NewsViewController.swift in Sources */,
				179FAECA24244B9B0056ECAC /* Athlete.swift in Sources */,
				179FAEC824244B8A0056ECAC /* Ranking.swift in Sources */,
				179FAEC52424436E0056ECAC /* RankingsCoordinator.swift in Sources */,
				174E221B240A2972008463B1 /* SceneDelegate.swift in Sources */,
				172119FB240CC1F800710AFE /* RankingTableViewCell.swift in Sources */,
			);
			runOnlyForDeploymentPostprocessing = 0;
		};
		174E2227240A2973008463B1 /* Sources */ = {
			isa = PBXSourcesBuildPhase;
			buildActionMask = 2147483647;
			files = (
				174E2241240A3668008463B1 /* DefaultAthleteRankingsInteractorTests.swift in Sources */,
				174E2245240AE774008463B1 /* AthleteRankingsTestUtilities.swift in Sources */,
				174E2230240A2973008463B1 /* TriCuriousTests.swift in Sources */,
				17C41CA1240B605C00050656 /* AthleteRankingsPresenterTests.swift in Sources */,
				174E2243240A3C41008463B1 /* TestUtilities.swift in Sources */,
			);
			runOnlyForDeploymentPostprocessing = 0;
		};
/* End PBXSourcesBuildPhase section */

/* Begin PBXTargetDependency section */
		174E222D240A2973008463B1 /* PBXTargetDependency */ = {
			isa = PBXTargetDependency;
			target = 174E2214240A2972008463B1 /* TriCurious */;
			targetProxy = 174E222C240A2973008463B1 /* PBXContainerItemProxy */;
		};
/* End PBXTargetDependency section */

/* Begin PBXVariantGroup section */
		174E2223240A2973008463B1 /* LaunchScreen.storyboard */ = {
			isa = PBXVariantGroup;
			children = (
				174E2224240A2973008463B1 /* Base */,
			);
			name = LaunchScreen.storyboard;
			sourceTree = "<group>";
		};
/* End PBXVariantGroup section */

/* Begin XCBuildConfiguration section */
		174E2232240A2973008463B1 /* Debug */ = {
			isa = XCBuildConfiguration;
			buildSettings = {
				ALWAYS_SEARCH_USER_PATHS = NO;
				CLANG_ANALYZER_NONNULL = YES;
				CLANG_ANALYZER_NUMBER_OBJECT_CONVERSION = YES_AGGRESSIVE;
				CLANG_CXX_LANGUAGE_STANDARD = "gnu++14";
				CLANG_CXX_LIBRARY = "libc++";
				CLANG_ENABLE_MODULES = YES;
				CLANG_ENABLE_OBJC_ARC = YES;
				CLANG_ENABLE_OBJC_WEAK = YES;
				CLANG_WARN_BLOCK_CAPTURE_AUTORELEASING = YES;
				CLANG_WARN_BOOL_CONVERSION = YES;
				CLANG_WARN_COMMA = YES;
				CLANG_WARN_CONSTANT_CONVERSION = YES;
				CLANG_WARN_DEPRECATED_OBJC_IMPLEMENTATIONS = YES;
				CLANG_WARN_DIRECT_OBJC_ISA_USAGE = YES_ERROR;
				CLANG_WARN_DOCUMENTATION_COMMENTS = YES;
				CLANG_WARN_EMPTY_BODY = YES;
				CLANG_WARN_ENUM_CONVERSION = YES;
				CLANG_WARN_INFINITE_RECURSION = YES;
				CLANG_WARN_INT_CONVERSION = YES;
				CLANG_WARN_NON_LITERAL_NULL_CONVERSION = YES;
				CLANG_WARN_OBJC_IMPLICIT_RETAIN_SELF = YES;
				CLANG_WARN_OBJC_LITERAL_CONVERSION = YES;
				CLANG_WARN_OBJC_ROOT_CLASS = YES_ERROR;
				CLANG_WARN_RANGE_LOOP_ANALYSIS = YES;
				CLANG_WARN_STRICT_PROTOTYPES = YES;
				CLANG_WARN_SUSPICIOUS_MOVE = YES;
				CLANG_WARN_UNGUARDED_AVAILABILITY = YES_AGGRESSIVE;
				CLANG_WARN_UNREACHABLE_CODE = YES;
				CLANG_WARN__DUPLICATE_METHOD_MATCH = YES;
				COPY_PHASE_STRIP = NO;
				DEBUG_INFORMATION_FORMAT = dwarf;
				ENABLE_STRICT_OBJC_MSGSEND = YES;
				ENABLE_TESTABILITY = YES;
				GCC_C_LANGUAGE_STANDARD = gnu11;
				GCC_DYNAMIC_NO_PIC = NO;
				GCC_NO_COMMON_BLOCKS = YES;
				GCC_OPTIMIZATION_LEVEL = 0;
				GCC_PREPROCESSOR_DEFINITIONS = (
					"DEBUG=1",
					"$(inherited)",
				);
				GCC_WARN_64_TO_32_BIT_CONVERSION = YES;
				GCC_WARN_ABOUT_RETURN_TYPE = YES_ERROR;
				GCC_WARN_UNDECLARED_SELECTOR = YES;
				GCC_WARN_UNINITIALIZED_AUTOS = YES_AGGRESSIVE;
				GCC_WARN_UNUSED_FUNCTION = YES;
				GCC_WARN_UNUSED_VARIABLE = YES;
				IPHONEOS_DEPLOYMENT_TARGET = 13.2;
				MTL_ENABLE_DEBUG_INFO = INCLUDE_SOURCE;
				MTL_FAST_MATH = YES;
				ONLY_ACTIVE_ARCH = YES;
				SDKROOT = iphoneos;
				SWIFT_ACTIVE_COMPILATION_CONDITIONS = DEBUG;
				SWIFT_OPTIMIZATION_LEVEL = "-Onone";
			};
			name = Debug;
		};
		174E2233240A2973008463B1 /* Release */ = {
			isa = XCBuildConfiguration;
			buildSettings = {
				ALWAYS_SEARCH_USER_PATHS = NO;
				CLANG_ANALYZER_NONNULL = YES;
				CLANG_ANALYZER_NUMBER_OBJECT_CONVERSION = YES_AGGRESSIVE;
				CLANG_CXX_LANGUAGE_STANDARD = "gnu++14";
				CLANG_CXX_LIBRARY = "libc++";
				CLANG_ENABLE_MODULES = YES;
				CLANG_ENABLE_OBJC_ARC = YES;
				CLANG_ENABLE_OBJC_WEAK = YES;
				CLANG_WARN_BLOCK_CAPTURE_AUTORELEASING = YES;
				CLANG_WARN_BOOL_CONVERSION = YES;
				CLANG_WARN_COMMA = YES;
				CLANG_WARN_CONSTANT_CONVERSION = YES;
				CLANG_WARN_DEPRECATED_OBJC_IMPLEMENTATIONS = YES;
				CLANG_WARN_DIRECT_OBJC_ISA_USAGE = YES_ERROR;
				CLANG_WARN_DOCUMENTATION_COMMENTS = YES;
				CLANG_WARN_EMPTY_BODY = YES;
				CLANG_WARN_ENUM_CONVERSION = YES;
				CLANG_WARN_INFINITE_RECURSION = YES;
				CLANG_WARN_INT_CONVERSION = YES;
				CLANG_WARN_NON_LITERAL_NULL_CONVERSION = YES;
				CLANG_WARN_OBJC_IMPLICIT_RETAIN_SELF = YES;
				CLANG_WARN_OBJC_LITERAL_CONVERSION = YES;
				CLANG_WARN_OBJC_ROOT_CLASS = YES_ERROR;
				CLANG_WARN_RANGE_LOOP_ANALYSIS = YES;
				CLANG_WARN_STRICT_PROTOTYPES = YES;
				CLANG_WARN_SUSPICIOUS_MOVE = YES;
				CLANG_WARN_UNGUARDED_AVAILABILITY = YES_AGGRESSIVE;
				CLANG_WARN_UNREACHABLE_CODE = YES;
				CLANG_WARN__DUPLICATE_METHOD_MATCH = YES;
				COPY_PHASE_STRIP = NO;
				DEBUG_INFORMATION_FORMAT = "dwarf-with-dsym";
				ENABLE_NS_ASSERTIONS = NO;
				ENABLE_STRICT_OBJC_MSGSEND = YES;
				GCC_C_LANGUAGE_STANDARD = gnu11;
				GCC_NO_COMMON_BLOCKS = YES;
				GCC_WARN_64_TO_32_BIT_CONVERSION = YES;
				GCC_WARN_ABOUT_RETURN_TYPE = YES_ERROR;
				GCC_WARN_UNDECLARED_SELECTOR = YES;
				GCC_WARN_UNINITIALIZED_AUTOS = YES_AGGRESSIVE;
				GCC_WARN_UNUSED_FUNCTION = YES;
				GCC_WARN_UNUSED_VARIABLE = YES;
				IPHONEOS_DEPLOYMENT_TARGET = 13.2;
				MTL_ENABLE_DEBUG_INFO = NO;
				MTL_FAST_MATH = YES;
				SDKROOT = iphoneos;
				SWIFT_COMPILATION_MODE = wholemodule;
				SWIFT_OPTIMIZATION_LEVEL = "-O";
				VALIDATE_PRODUCT = YES;
			};
			name = Release;
		};
		174E2235240A2973008463B1 /* Debug */ = {
			isa = XCBuildConfiguration;
			buildSettings = {
				ASSETCATALOG_COMPILER_APPICON_NAME = AppIcon;
				CODE_SIGN_STYLE = Automatic;
				INFOPLIST_FILE = TriCurious/Info.plist;
				LD_RUNPATH_SEARCH_PATHS = (
					"$(inherited)",
					"@executable_path/Frameworks",
				);
				PRODUCT_BUNDLE_IDENTIFIER = com.duffneubauer.TriCurious;
				PRODUCT_NAME = "$(TARGET_NAME)";
				SWIFT_VERSION = 5.0;
				TARGETED_DEVICE_FAMILY = "1,2";
			};
			name = Debug;
		};
		174E2236240A2973008463B1 /* Release */ = {
			isa = XCBuildConfiguration;
			buildSettings = {
				ASSETCATALOG_COMPILER_APPICON_NAME = AppIcon;
				CODE_SIGN_STYLE = Automatic;
				INFOPLIST_FILE = TriCurious/Info.plist;
				LD_RUNPATH_SEARCH_PATHS = (
					"$(inherited)",
					"@executable_path/Frameworks",
				);
				PRODUCT_BUNDLE_IDENTIFIER = com.duffneubauer.TriCurious;
				PRODUCT_NAME = "$(TARGET_NAME)";
				SWIFT_VERSION = 5.0;
				TARGETED_DEVICE_FAMILY = "1,2";
			};
			name = Release;
		};
		174E2238240A2973008463B1 /* Debug */ = {
			isa = XCBuildConfiguration;
			buildSettings = {
				ALWAYS_EMBED_SWIFT_STANDARD_LIBRARIES = YES;
				BUNDLE_LOADER = "$(TEST_HOST)";
				CODE_SIGN_STYLE = Automatic;
				INFOPLIST_FILE = TriCuriousTests/Info.plist;
				IPHONEOS_DEPLOYMENT_TARGET = 13.2;
				LD_RUNPATH_SEARCH_PATHS = (
					"$(inherited)",
					"@executable_path/Frameworks",
					"@loader_path/Frameworks",
				);
				PRODUCT_BUNDLE_IDENTIFIER = com.duffneubauer.TriCuriousTests;
				PRODUCT_NAME = "$(TARGET_NAME)";
				SWIFT_VERSION = 5.0;
				TARGETED_DEVICE_FAMILY = "1,2";
				TEST_HOST = "$(BUILT_PRODUCTS_DIR)/TriCurious.app/TriCurious";
			};
			name = Debug;
		};
		174E2239240A2973008463B1 /* Release */ = {
			isa = XCBuildConfiguration;
			buildSettings = {
				ALWAYS_EMBED_SWIFT_STANDARD_LIBRARIES = YES;
				BUNDLE_LOADER = "$(TEST_HOST)";
				CODE_SIGN_STYLE = Automatic;
				INFOPLIST_FILE = TriCuriousTests/Info.plist;
				IPHONEOS_DEPLOYMENT_TARGET = 13.2;
				LD_RUNPATH_SEARCH_PATHS = (
					"$(inherited)",
					"@executable_path/Frameworks",
					"@loader_path/Frameworks",
				);
				PRODUCT_BUNDLE_IDENTIFIER = com.duffneubauer.TriCuriousTests;
				PRODUCT_NAME = "$(TARGET_NAME)";
				SWIFT_VERSION = 5.0;
				TARGETED_DEVICE_FAMILY = "1,2";
				TEST_HOST = "$(BUILT_PRODUCTS_DIR)/TriCurious.app/TriCurious";
			};
			name = Release;
		};
/* End XCBuildConfiguration section */

/* Begin XCConfigurationList section */
		174E2210240A2972008463B1 /* Build configuration list for PBXProject "TriCurious" */ = {
			isa = XCConfigurationList;
			buildConfigurations = (
				174E2232240A2973008463B1 /* Debug */,
				174E2233240A2973008463B1 /* Release */,
			);
			defaultConfigurationIsVisible = 0;
			defaultConfigurationName = Release;
		};
		174E2234240A2973008463B1 /* Build configuration list for PBXNativeTarget "TriCurious" */ = {
			isa = XCConfigurationList;
			buildConfigurations = (
				174E2235240A2973008463B1 /* Debug */,
				174E2236240A2973008463B1 /* Release */,
			);
			defaultConfigurationIsVisible = 0;
			defaultConfigurationName = Release;
		};
		174E2237240A2973008463B1 /* Build configuration list for PBXNativeTarget "TriCuriousTests" */ = {
			isa = XCConfigurationList;
			buildConfigurations = (
				174E2238240A2973008463B1 /* Debug */,
				174E2239240A2973008463B1 /* Release */,
			);
			defaultConfigurationIsVisible = 0;
			defaultConfigurationName = Release;
		};
/* End XCConfigurationList section */
	};
	rootObject = 174E220D240A2972008463B1 /* Project object */;
}
